
Microsoft Visual Studio Solution File, Format Version 12.00
# Visual Studio Version 17
VisualStudioVersion = 17.0.31919.166
MinimumVisualStudioVersion = 10.0.40219.1
Project("{FAE04EC0-301F-11D3-BF4B-00C04F79EFBC}") = "CRUD", "CRUD.csproj", "{3E066EF4-6AE1-4A86-9A3F-637EF14559A3}"
EndProject
Project("{2150E333-8FDC-42A3-9474-1A3956D46DE8}") = "Solution Items", "Solution Items", "{C6D9673C-8997-49AA-AF7D-04EB497B5DC9}"
	ProjectSection(SolutionItems) = preProject
		.editorconfig = .editorconfig
	EndProjectSection
EndProject
Global
	GlobalSection(SolutionConfigurationPlatforms) = preSolution
		Debug|Any CPU = Debug|Any CPU
		Release|Any CPU = Release|Any CPU
	EndGlobalSection
	GlobalSection(ProjectConfigurationPlatforms) = postSolution
		{3E066EF4-6AE1-4A86-9A3F-637EF14559A3}.Debug|Any CPU.ActiveCfg = Debug|Any CPU
		{3E066EF4-6AE1-4A86-9A3F-637EF14559A3}.Debug|Any CPU.Build.0 = Debug|Any CPU
		{3E066EF4-6AE1-4A86-9A3F-637EF14559A3}.Release|Any CPU.ActiveCfg = Release|Any CPU
		{3E066EF4-6AE1-4A86-9A3F-637EF14559A3}.Release|Any CPU.Build.0 = Release|Any CPU
	EndGlobalSection
	GlobalSection(SolutionProperties) = preSolution
		HideSolutionNode = FALSE
	EndGlobalSection
	GlobalSection(ExtensibilityGlobals) = postSolution
		SolutionGuid = {B789207A-10F2-4A72-9B88-EC9047C2AED0}
	EndGlobalSection
EndGlobal
